lockfileVersion: '9.0'

settings:
  autoInstallPeers: true
  excludeLinksFromLockfile: false

importers:

  .:
    dependencies:
      kubectl-mcp-server:
        specifier: 1.24.0
        version: 1.24.0

packages:

  kubectl-mcp-server@1.24.0:
    resolution: {integrity: sha512-8YxdjwpNdx3n7poK3odI56iHtfGdcuDGp5vuy4oElhVnMhAA5fwmJc1SgD96ls7hBXM87OvnN4Lxyt3IWnkuOQ==}
    engines: {node: '>=16.0.0'}
    os: [darwin, linux, win32]
    hasBin: true

snapshots:

  kubectl-mcp-server@1.24.0: {}
